{
    "_meta": {
        "hash": {
            "sha256": "f64a06bb4ce24e749bd8879035fc3853024fed10497dd7bb8d5c16ae10503e63"
        },
        "pipfile-spec": 6,
        "requires": {
            "python_version": "3.7"
        },
        "sources": [
            {
                "name": "pypi",
                "url": "https://pypi.org/simple",
                "verify_ssl": true
            }
        ]
    },
    "default": {
        "pipfile": {
            "hashes": [
                "sha256:f7d9f15de8b660986557eb3cc5391aa1a16207ac41bc378d03f414762d36c984"
            ],
            "index": "pypi",
            "version": "==0.0.2"
        },
        "pulsectl": {
            "hashes": [
                "sha256:119d419c66b373a69628219641a6cf14d5dc3c33be82f6b38198db5633d14353",
                "sha256:68d3a09cfd954c0d0b14cd99c67d201319f8d0df91a3fc906b07f007bfbfeca6"
            ],
            "index": "pypi",
            "version": "==18.8.0"
        },
        "python-rofi": {
            "hashes": [
                "sha256:6acf69ce1480b81e929119acc85e6e1d62c975beb82d14c62152c9690f44f251",
                "sha256:f2d6b8c7a1fcd1807b19cf27329d9a7f6c839cc9e8877396a819337cfa797a61"
            ],
            "index": "pypi",
            "version": "==1.0.1"
        },
        "toml": {
            "hashes": [
                "sha256:380178cde50a6a79f9d2cf6f42a62a5174febe5eea4126fe4038785f1d888d42",
                "sha256:a7901919d3e4f92ffba7ff40a9d697e35bbbc8a8049fe8da742f34c83606d957"
            ],
            "version": "==0.9.6"
        }
    },
    "develop": {}
}
